
Microsoft Visual Studio Solution File, Format Version 12.00
# Visual Studio Version 17
VisualStudioVersion = 17.6.33815.320
MinimumVisualStudioVersion = 10.0.40219.1
Project("{FAE04EC0-301F-11D3-BF4B-00C04F79EFBC}") = "Phase3Section5.5", "Phase3Section5.5\Phase3Section5.5.csproj", "{6C83BBDD-3C57-4E02-8881-55B61972BC9B}"
EndProject
Global
	GlobalSection(SolutionConfigurationPlatforms) = preSolution
		Debug|Any CPU = Debug|Any CPU
		Release|Any CPU = Release|Any CPU
	EndGlobalSection
	GlobalSection(ProjectConfigurationPlatforms) = postSolution
		{6C83BBDD-3C57-4E02-8881-55B61972BC9B}.Debug|Any CPU.ActiveCfg = Debug|Any CPU
		{6C83BBDD-3C57-4E02-8881-55B61972BC9B}.Debug|Any CPU.Build.0 = Debug|Any CPU
		{6C83BBDD-3C57-4E02-8881-55B61972BC9B}.Release|Any CPU.ActiveCfg = Release|Any CPU
		{6C83BBDD-3C57-4E02-8881-55B61972BC9B}.Release|Any CPU.Build.0 = Release|Any CPU
	EndGlobalSection
	GlobalSection(SolutionProperties) = preSolution
		HideSolutionNode = FALSE
	EndGlobalSection
	GlobalSection(ExtensibilityGlobals) = postSolution
		SolutionGuid = {2F03AF55-9456-47D3-AE3C-4C3E9E31E88E}
	EndGlobalSection
EndGlobal
